
Microsoft Visual Studio Solution File, Format Version 12.00
# Visual Studio Version 16
VisualStudioVersion = 16.0.29215.179
MinimumVisualStudioVersion = 10.0.40219.1
Project("{FAE04EC0-301F-11D3-BF4B-00C04F79EFBC}") = "HelloWord", "HelloWord\HelloWord.csproj", "{70B269F8-F56A-4CAA-8F3E-698AAD4601BA}"
EndProject
Global
	GlobalSection(SolutionConfigurationPlatforms) = preSolution
		Debug|Any CPU = Debug|Any CPU
		Release|Any CPU = Release|Any CPU
	EndGlobalSection
	GlobalSection(ProjectConfigurationPlatforms) = postSolution
		{70B269F8-F56A-4CAA-8F3E-698AAD4601BA}.Debug|Any CPU.ActiveCfg = Debug|Any CPU
		{70B269F8-F56A-4CAA-8F3E-698AAD4601BA}.Debug|Any CPU.Build.0 = Debug|Any CPU
		{70B269F8-F56A-4CAA-8F3E-698AAD4601BA}.Release|Any CPU.ActiveCfg = Release|Any CPU
		{70B269F8-F56A-4CAA-8F3E-698AAD4601BA}.Release|Any CPU.Build.0 = Release|Any CPU
	EndGlobalSection
	GlobalSection(SolutionProperties) = preSolution
		HideSolutionNode = FALSE
	EndGlobalSection
	GlobalSection(ExtensibilityGlobals) = postSolution
		SolutionGuid = {76D3C057-ED65-4EF8-A0A9-AB5583795194}
	EndGlobalSection
EndGlobal
