
Microsoft Visual Studio Solution File, Format Version 12.00
# Visual Studio Version 16
VisualStudioVersion = 16.0.29215.179
MinimumVisualStudioVersion = 10.0.40219.1
Project("{FAE04EC0-301F-11D3-BF4B-00C04F79EFBC}") = "Aula04.Atv01", "Aula04.Atv01\Aula04.Atv01.csproj", "{3EAE1FFD-340F-4C57-84AC-02FE1DB23720}"
EndProject
Global
	GlobalSection(SolutionConfigurationPlatforms) = preSolution
		Debug|Any CPU = Debug|Any CPU
		Release|Any CPU = Release|Any CPU
	EndGlobalSection
	GlobalSection(ProjectConfigurationPlatforms) = postSolution
		{3EAE1FFD-340F-4C57-84AC-02FE1DB23720}.Debug|Any CPU.ActiveCfg = Debug|Any CPU
		{3EAE1FFD-340F-4C57-84AC-02FE1DB23720}.Debug|Any CPU.Build.0 = Debug|Any CPU
		{3EAE1FFD-340F-4C57-84AC-02FE1DB23720}.Release|Any CPU.ActiveCfg = Release|Any CPU
		{3EAE1FFD-340F-4C57-84AC-02FE1DB23720}.Release|Any CPU.Build.0 = Release|Any CPU
	EndGlobalSection
	GlobalSection(SolutionProperties) = preSolution
		HideSolutionNode = FALSE
	EndGlobalSection
	GlobalSection(ExtensibilityGlobals) = postSolution
		SolutionGuid = {58123958-3C03-449B-8A7D-2D409A912B70}
	EndGlobalSection
EndGlobal
