
Microsoft Visual Studio Solution File, Format Version 12.00
# Visual Studio Version 16
VisualStudioVersion = 16.0.29215.179
MinimumVisualStudioVersion = 10.0.40219.1
Project("{FAE04EC0-301F-11D3-BF4B-00C04F79EFBC}") = "Aula04", "Aula04\Aula04.csproj", "{96BC2691-BE5F-4088-A555-C15819DBB715}"
EndProject
Global
	GlobalSection(SolutionConfigurationPlatforms) = preSolution
		Debug|Any CPU = Debug|Any CPU
		Release|Any CPU = Release|Any CPU
	EndGlobalSection
	GlobalSection(ProjectConfigurationPlatforms) = postSolution
		{96BC2691-BE5F-4088-A555-C15819DBB715}.Debug|Any CPU.ActiveCfg = Debug|Any CPU
		{96BC2691-BE5F-4088-A555-C15819DBB715}.Debug|Any CPU.Build.0 = Debug|Any CPU
		{96BC2691-BE5F-4088-A555-C15819DBB715}.Release|Any CPU.ActiveCfg = Release|Any CPU
		{96BC2691-BE5F-4088-A555-C15819DBB715}.Release|Any CPU.Build.0 = Release|Any CPU
	EndGlobalSection
	GlobalSection(SolutionProperties) = preSolution
		HideSolutionNode = FALSE
	EndGlobalSection
	GlobalSection(ExtensibilityGlobals) = postSolution
		SolutionGuid = {F9BBE44D-7378-4FE3-BF10-93F286C2F291}
	EndGlobalSection
EndGlobal
